// !$*UTF8*$!
{
	archiveVersion = 1;
	classes = {
	};
	objectVersion = 50;
	objects = {

/* Begin PBXBuildFile section */
		37081AEA23D96B96003880C1 /* AppDelegate.swift in Sources */ = {isa = PBXBuildFile; fileRef = 37081AE923D96B96003880C1 /* AppDelegate.swift */; };
		37081AEC23D96B96003880C1 /* ViewController.swift in Sources */ = {isa = PBXBuildFile; fileRef = 37081AEB23D96B96003880C1 /* ViewController.swift */; };
		37081AEF23D96B96003880C1 /* Main.storyboard in Resources */ = {isa = PBXBuildFile; fileRef = 37081AED23D96B96003880C1 /* Main.storyboard */; };
		37081AF123D96B9C003880C1 /* Assets.xcassets in Resources */ = {isa = PBXBuildFile; fileRef = 37081AF023D96B9C003880C1 /* Assets.xcassets */; };
		37081AF423D96B9C003880C1 /* LaunchScreen.storyboard in Resources */ = {isa = PBXBuildFile; fileRef = 37081AF223D96B9C003880C1 /* LaunchScreen.storyboard */; };
		37081B0223D96D11003880C1 /* AppDelegate.swift in Sources */ = {isa = PBXBuildFile; fileRef = 37081B0123D96D11003880C1 /* AppDelegate.swift */; };
		37081B0423D96D11003880C1 /* ViewController.swift in Sources */ = {isa = PBXBuildFile; fileRef = 37081B0323D96D11003880C1 /* ViewController.swift */; };
		37081B0723D96D11003880C1 /* Main.storyboard in Resources */ = {isa = PBXBuildFile; fileRef = 37081B0523D96D11003880C1 /* Main.storyboard */; };
		37081B0923D96D18003880C1 /* Assets.xcassets in Resources */ = {isa = PBXBuildFile; fileRef = 37081B0823D96D18003880C1 /* Assets.xcassets */; };
		37081B0C23D96D18003880C1 /* LaunchScreen.storyboard in Resources */ = {isa = PBXBuildFile; fileRef = 37081B0A23D96D18003880C1 /* LaunchScreen.storyboard */; };
		37081B1223D96F0E003880C1 /* Assets.xcassets in Resources */ = {isa = PBXBuildFile; fileRef = 37081AF023D96B9C003880C1 /* Assets.xcassets */; };
/* End PBXBuildFile section */

/* Begin PBXFileReference section */
		37081AE623D96B96003880C1 /* Photo_Bazar.app */ = {isa = PBXFileReference; explicitFileType = wrapper.application; includeInIndex = 0; path = Photo_Bazar.app; sourceTree = BUILT_PRODUCTS_DIR; };
		37081AE923D96B96003880C1 /* AppDelegate.swift */ = {isa = PBXFileReference; lastKnownFileType = sourcecode.swift; path = AppDelegate.swift; sourceTree = "<group>"; };
		37081AEB23D96B96003880C1 /* ViewController.swift */ = {isa = PBXFileReference; lastKnownFileType = sourcecode.swift; path = ViewController.swift; sourceTree = "<group>"; };
		37081AEE23D96B96003880C1 /* Base */ = {isa = PBXFileReference; lastKnownFileType = file.storyboard; name = Base; path = Base.lproj/Main.storyboard; sourceTree = "<group>"; };
		37081AF023D96B9C003880C1 /* Assets.xcassets */ = {isa = PBXFileReference; lastKnownFileType = folder.assetcatalog; path = Assets.xcassets; sourceTree = "<group>"; };
		37081AF323D96B9C003880C1 /* Base */ = {isa = PBXFileReference; lastKnownFileType = file.storyboard; name = Base; path = Base.lproj/LaunchScreen.storyboard; sourceTree = "<group>"; };
		37081AF523D96B9C003880C1 /* Info.plist */ = {isa = PBXFileReference; lastKnownFileType = text.plist.xml; path = Info.plist; sourceTree = "<group>"; };
		37081AFF23D96D11003880C1 /* Photo_Bazar_Admin.app */ = {isa = PBXFileReference; explicitFileType = wrapper.application; includeInIndex = 0; path = Photo_Bazar_Admin.app; sourceTree = BUILT_PRODUCTS_DIR; };
		37081B0123D96D11003880C1 /* AppDelegate.swift */ = {isa = PBXFileReference; lastKnownFileType = sourcecode.swift; path = AppDelegate.swift; sourceTree = "<group>"; };
		37081B0323D96D11003880C1 /* ViewController.swift */ = {isa = PBXFileReference; lastKnownFileType = sourcecode.swift; path = ViewController.swift; sourceTree = "<group>"; };
		37081B0623D96D11003880C1 /* Base */ = {isa = PBXFileReference; lastKnownFileType = file.storyboard; name = Base; path = Base.lproj/Main.storyboard; sourceTree = "<group>"; };
		37081B0823D96D18003880C1 /* Assets.xcassets */ = {isa = PBXFileReference; lastKnownFileType = folder.assetcatalog; path = Assets.xcassets; sourceTree = "<group>"; };
		37081B0B23D96D18003880C1 /* Base */ = {isa = PBXFileReference; lastKnownFileType = file.storyboard; name = Base; path = Base.lproj/LaunchScreen.storyboard; sourceTree = "<group>"; };
		37081B0D23D96D18003880C1 /* Info.plist */ = {isa = PBXFileReference; lastKnownFileType = text.plist.xml; path = Info.plist; sourceTree = "<group>"; };
/* End PBXFileReference section */

/* Begin PBXFrameworksBuildPhase section */
		37081AE323D96B95003880C1 /* Frameworks */ = {
			isa = PBXFrameworksBuildPhase;
			buildActionMask = 2147483647;
			files = (
			);
			runOnlyForDeploymentPostprocessing = 0;
		};
		37081AFC23D96D11003880C1 /* Frameworks */ = {
			isa = PBXFrameworksBuildPhase;
			buildActionMask = 2147483647;
			files = (
			);
			runOnlyForDeploymentPostprocessing = 0;
		};
/* End PBXFrameworksBuildPhase section */

/* Begin PBXGroup section */
		37081ADD23D96B95003880C1 = {
			isa = PBXGroup;
			children = (
				37081AE823D96B96003880C1 /* Photo_Bazar */,
				37081B0023D96D11003880C1 /* Photo_Bazar_Admin */,
				37081AE723D96B96003880C1 /* Products */,
			);
			sourceTree = "<group>";
		};
		37081AE723D96B96003880C1 /* Products */ = {
			isa = PBXGroup;
			children = (
				37081AE623D96B96003880C1 /* Photo_Bazar.app */,
				37081AFF23D96D11003880C1 /* Photo_Bazar_Admin.app */,
			);
			name = Products;
			sourceTree = "<group>";
		};
		37081AE823D96B96003880C1 /* Photo_Bazar */ = {
			isa = PBXGroup;
			children = (
				37081B1123D96DB7003880C1 /* Shared_Assets */,
				37081AE923D96B96003880C1 /* AppDelegate.swift */,
				37081AEB23D96B96003880C1 /* ViewController.swift */,
				37081AED23D96B96003880C1 /* Main.storyboard */,
				37081AF223D96B9C003880C1 /* LaunchScreen.storyboard */,
				37081AF523D96B9C003880C1 /* Info.plist */,
			);
			path = Photo_Bazar;
			sourceTree = "<group>";
		};
		37081B0023D96D11003880C1 /* Photo_Bazar_Admin */ = {
			isa = PBXGroup;
			children = (
				37081B0123D96D11003880C1 /* AppDelegate.swift */,
				37081B0323D96D11003880C1 /* ViewController.swift */,
				37081B0523D96D11003880C1 /* Main.storyboard */,
				37081B0823D96D18003880C1 /* Assets.xcassets */,
				37081B0A23D96D18003880C1 /* LaunchScreen.storyboard */,
				37081B0D23D96D18003880C1 /* Info.plist */,
			);
			path = Photo_Bazar_Admin;
			sourceTree = "<group>";
		};
		37081B1123D96DB7003880C1 /* Shared_Assets */ = {
			isa = PBXGroup;
			children = (
				37081AF023D96B9C003880C1 /* Assets.xcassets */,
			);
			path = Shared_Assets;
			sourceTree = "<group>";
		};
/* End PBXGroup section */

/* Begin PBXNativeTarget section */
		37081AE523D96B95003880C1 /* Photo_Bazar */ = {
			isa = PBXNativeTarget;
			buildConfigurationList = 37081AF823D96B9C003880C1 /* Build configuration list for PBXNativeTarget "Photo_Bazar" */;
			buildPhases = (
				37081AE223D96B95003880C1 /* Sources */,
				37081AE323D96B95003880C1 /* Frameworks */,
				37081AE423D96B95003880C1 /* Resources */,
			);
			buildRules = (
			);
			dependencies = (
			);
			name = Photo_Bazar;
			productName = Photo_Bazar;
			productReference = 37081AE623D96B96003880C1 /* Photo_Bazar.app */;
			productType = "com.apple.product-type.application";
		};
		37081AFE23D96D11003880C1 /* Photo_Bazar_Admin */ = {
			isa = PBXNativeTarget;
			buildConfigurationList = 37081B0E23D96D18003880C1 /* Build configuration list for PBXNativeTarget "Photo_Bazar_Admin" */;
			buildPhases = (
				37081AFB23D96D11003880C1 /* Sources */,
				37081AFC23D96D11003880C1 /* Frameworks */,
				37081AFD23D96D11003880C1 /* Resources */,
			);
			buildRules = (
			);
			dependencies = (
			);
			name = Photo_Bazar_Admin;
			productName = Photo_Bazar_Admin;
			productReference = 37081AFF23D96D11003880C1 /* Photo_Bazar_Admin.app */;
			productType = "com.apple.product-type.application";
		};
/* End PBXNativeTarget section */

/* Begin PBXProject section */
		37081ADE23D96B95003880C1 /* Project object */ = {
			isa = PBXProject;
			attributes = {
				LastSwiftUpdateCheck = 1010;
				LastUpgradeCheck = 1010;
				ORGANIZATIONNAME = "Md. Saiful Islam";
				TargetAttributes = {
					37081AE523D96B95003880C1 = {
						CreatedOnToolsVersion = 10.1;
					};
					37081AFE23D96D11003880C1 = {
						CreatedOnToolsVersion = 10.1;
					};
				};
			};
			buildConfigurationList = 37081AE123D96B95003880C1 /* Build configuration list for PBXProject "Photo_Bazar" */;
			compatibilityVersion = "Xcode 9.3";
			developmentRegion = en;
			hasScannedForEncodings = 0;
			knownRegions = (
				en,
				Base,
			);
			mainGroup = 37081ADD23D96B95003880C1;
			productRefGroup = 37081AE723D96B96003880C1 /* Products */;
			projectDirPath = "";
			projectRoot = "";
			targets = (
				37081AE523D96B95003880C1 /* Photo_Bazar */,
				37081AFE23D96D11003880C1 /* Photo_Bazar_Admin */,
			);
		};
/* End PBXProject section */

/* Begin PBXResourcesBuildPhase section */
		37081AE423D96B95003880C1 /* Resources */ = {
			isa = PBXResourcesBuildPhase;
			buildActionMask = 2147483647;
			files = (
				37081AF423D96B9C003880C1 /* LaunchScreen.storyboard in Resources */,
				37081AF123D96B9C003880C1 /* Assets.xcassets in Resources */,
				37081AEF23D96B96003880C1 /* Main.storyboard in Resources */,
			);
			runOnlyForDeploymentPostprocessing = 0;
		};
		37081AFD23D96D11003880C1 /* Resources */ = {
			isa = PBXResourcesBuildPhase;
			buildActionMask = 2147483647;
			files = (
				37081B0C23D96D18003880C1 /* LaunchScreen.storyboard in Resources */,
				37081B0923D96D18003880C1 /* Assets.xcassets in Resources */,
				37081B1223D96F0E003880C1 /* Assets.xcassets in Resources */,
				37081B0723D96D11003880C1 /* Main.storyboard in Resources */,
			);
			runOnlyForDeploymentPostprocessing = 0;
		};
/* End PBXResourcesBuildPhase section */

/* Begin PBXSourcesBuildPhase section */
		37081AE223D96B95003880C1 /* Sources */ = {
			isa = PBXSourcesBuildPhase;
			buildActionMask = 2147483647;
			files = (
				37081AEC23D96B96003880C1 /* ViewController.swift in Sources */,
				37081AEA23D96B96003880C1 /* AppDelegate.swift in Sources */,
			);
			runOnlyForDeploymentPostprocessing = 0;
		};
		37081AFB23D96D11003880C1 /* Sources */ = {
			isa = PBXSourcesBuildPhase;
			buildActionMask = 2147483647;
			files = (
				37081B0423D96D11003880C1 /* ViewController.swift in Sources */,
				37081B0223D96D11003880C1 /* AppDelegate.swift in Sources */,
			);
			runOnlyForDeploymentPostprocessing = 0;
		};
/* End PBXSourcesBuildPhase section */

/* Begin PBXVariantGroup section */
		37081AED23D96B96003880C1 /* Main.storyboard */ = {
			isa = PBXVariantGroup;
			children = (
				37081AEE23D96B96003880C1 /* Base */,
			);
			name = Main.storyboard;
			sourceTree = "<group>";
		};
		37081AF223D96B9C003880C1 /* LaunchScreen.storyboard */ = {
			isa = PBXVariantGroup;
			children = (
				37081AF323D96B9C003880C1 /* Base */,
			);
			name = LaunchScreen.storyboard;
			sourceTree = "<group>";
		};
		37081B0523D96D11003880C1 /* Main.storyboard */ = {
			isa = PBXVariantGroup;
			children = (
				37081B0623D96D11003880C1 /* Base */,
			);
			name = Main.storyboard;
			sourceTree = "<group>";
		};
		37081B0A23D96D18003880C1 /* LaunchScreen.storyboard */ = {
			isa = PBXVariantGroup;
			children = (
				37081B0B23D96D18003880C1 /* Base */,
			);
			name = LaunchScreen.storyboard;
			sourceTree = "<group>";
		};
/* End PBXVariantGroup section */

/* Begin XCBuildConfiguration section */
		37081AF623D96B9C003880C1 /* Debug */ = {
			isa = XCBuildConfiguration;
			buildSettings = {
				ALWAYS_SEARCH_USER_PATHS = NO;
				CLANG_ANALYZER_NONNULL = YES;
				CLANG_ANALYZER_NUMBER_OBJECT_CONVERSION = YES_AGGRESSIVE;
				CLANG_CXX_LANGUAGE_STANDARD = "gnu++14";
				CLANG_CXX_LIBRARY = "libc++";
				CLANG_ENABLE_MODULES = YES;
				CLANG_ENABLE_OBJC_ARC = YES;
				CLANG_ENABLE_OBJC_WEAK = YES;
				CLANG_WARN_BLOCK_CAPTURE_AUTORELEASING = YES;
				CLANG_WARN_BOOL_CONVERSION = YES;
				CLANG_WARN_COMMA = YES;
				CLANG_WARN_CONSTANT_CONVERSION = YES;
				CLANG_WARN_DEPRECATED_OBJC_IMPLEMENTATIONS = YES;
				CLANG_WARN_DIRECT_OBJC_ISA_USAGE = YES_ERROR;
				CLANG_WARN_DOCUMENTATION_COMMENTS = YES;
				CLANG_WARN_EMPTY_BODY = YES;
				CLANG_WARN_ENUM_CONVERSION = YES;
				CLANG_WARN_INFINITE_RECURSION = YES;
				CLANG_WARN_INT_CONVERSION = YES;
				CLANG_WARN_NON_LITERAL_NULL_CONVERSION = YES;
				CLANG_WARN_OBJC_IMPLICIT_RETAIN_SELF = YES;
				CLANG_WARN_OBJC_LITERAL_CONVERSION = YES;
				CLANG_WARN_OBJC_ROOT_CLASS = YES_ERROR;
				CLANG_WARN_RANGE_LOOP_ANALYSIS = YES;
				CLANG_WARN_STRICT_PROTOTYPES = YES;
				CLANG_WARN_SUSPICIOUS_MOVE = YES;
				CLANG_WARN_UNGUARDED_AVAILABILITY = YES_AGGRESSIVE;
				CLANG_WARN_UNREACHABLE_CODE = YES;
				CLANG_WARN__DUPLICATE_METHOD_MATCH = YES;
				CODE_SIGN_IDENTITY = "iPhone Developer";
				COPY_PHASE_STRIP = NO;
				DEBUG_INFORMATION_FORMAT = dwarf;
				ENABLE_STRICT_OBJC_MSGSEND = YES;
				ENABLE_TESTABILITY = YES;
				GCC_C_LANGUAGE_STANDARD = gnu11;
				GCC_DYNAMIC_NO_PIC = NO;
				GCC_NO_COMMON_BLOCKS = YES;
				GCC_OPTIMIZATION_LEVEL = 0;
				GCC_PREPROCESSOR_DEFINITIONS = (
					"DEBUG=1",
					"$(inherited)",
				);
				GCC_WARN_64_TO_32_BIT_CONVERSION = YES;
				GCC_WARN_ABOUT_RETURN_TYPE = YES_ERROR;
				GCC_WARN_UNDECLARED_SELECTOR = YES;
				GCC_WARN_UNINITIALIZED_AUTOS = YES_AGGRESSIVE;
				GCC_WARN_UNUSED_FUNCTION = YES;
				GCC_WARN_UNUSED_VARIABLE = YES;
				IPHONEOS_DEPLOYMENT_TARGET = 12.1;
				MTL_ENABLE_DEBUG_INFO = INCLUDE_SOURCE;
				MTL_FAST_MATH = YES;
				ONLY_ACTIVE_ARCH = YES;
				SDKROOT = iphoneos;
				SWIFT_ACTIVE_COMPILATION_CONDITIONS = DEBUG;
				SWIFT_OPTIMIZATION_LEVEL = "-Onone";
			};
			name = Debug;
		};
		37081AF723D96B9C003880C1 /* Release */ = {
			isa = XCBuildConfiguration;
			buildSettings = {
				ALWAYS_SEARCH_USER_PATHS = NO;
				CLANG_ANALYZER_NONNULL = YES;
				CLANG_ANALYZER_NUMBER_OBJECT_CONVERSION = YES_AGGRESSIVE;
				CLANG_CXX_LANGUAGE_STANDARD = "gnu++14";
				CLANG_CXX_LIBRARY = "libc++";
				CLANG_ENABLE_MODULES = YES;
				CLANG_ENABLE_OBJC_ARC = YES;
				CLANG_ENABLE_OBJC_WEAK = YES;
				CLANG_WARN_BLOCK_CAPTURE_AUTORELEASING = YES;
				CLANG_WARN_BOOL_CONVERSION = YES;
				CLANG_WARN_COMMA = YES;
				CLANG_WARN_CONSTANT_CONVERSION = YES;
				CLANG_WARN_DEPRECATED_OBJC_IMPLEMENTATIONS = YES;
				CLANG_WARN_DIRECT_OBJC_ISA_USAGE = YES_ERROR;
				CLANG_WARN_DOCUMENTATION_COMMENTS = YES;
				CLANG_WARN_EMPTY_BODY = YES;
				CLANG_WARN_ENUM_CONVERSION = YES;
				CLANG_WARN_INFINITE_RECURSION = YES;
				CLANG_WARN_INT_CONVERSION = YES;
				CLANG_WARN_NON_LITERAL_NULL_CONVERSION = YES;
				CLANG_WARN_OBJC_IMPLICIT_RETAIN_SELF = YES;
				CLANG_WARN_OBJC_LITERAL_CONVERSION = YES;
				CLANG_WARN_OBJC_ROOT_CLASS = YES_ERROR;
				CLANG_WARN_RANGE_LOOP_ANALYSIS = YES;
				CLANG_WARN_STRICT_PROTOTYPES = YES;
				CLANG_WARN_SUSPICIOUS_MOVE = YES;
				CLANG_WARN_UNGUARDED_AVAILABILITY = YES_AGGRESSIVE;
				CLANG_WARN_UNREACHABLE_CODE = YES;
				CLANG_WARN__DUPLICATE_METHOD_MATCH = YES;
				CODE_SIGN_IDENTITY = "iPhone Developer";
				COPY_PHASE_STRIP = NO;
				DEBUG_INFORMATION_FORMAT = "dwarf-with-dsym";
				ENABLE_NS_ASSERTIONS = NO;
				ENABLE_STRICT_OBJC_MSGSEND = YES;
				GCC_C_LANGUAGE_STANDARD = gnu11;
				GCC_NO_COMMON_BLOCKS = YES;
				GCC_WARN_64_TO_32_BIT_CONVERSION = YES;
				GCC_WARN_ABOUT_RETURN_TYPE = YES_ERROR;
				GCC_WARN_UNDECLARED_SELECTOR = YES;
				GCC_WARN_UNINITIALIZED_AUTOS = YES_AGGRESSIVE;
				GCC_WARN_UNUSED_FUNCTION = YES;
				GCC_WARN_UNUSED_VARIABLE = YES;
				IPHONEOS_DEPLOYMENT_TARGET = 12.1;
				MTL_ENABLE_DEBUG_INFO = NO;
				MTL_FAST_MATH = YES;
				SDKROOT = iphoneos;
				SWIFT_COMPILATION_MODE = wholemodule;
				SWIFT_OPTIMIZATION_LEVEL = "-O";
				VALIDATE_PRODUCT = YES;
			};
			name = Release;
		};
		37081AF923D96B9C003880C1 /* Debug */ = {
			isa = XCBuildConfiguration;
			buildSettings = {
				ASSETCATALOG_COMPILER_APPICON_NAME = AppIcon;
				CODE_SIGN_STYLE = Automatic;
				INFOPLIST_FILE = Photo_Bazar/Info.plist;
				LD_RUNPATH_SEARCH_PATHS = (
					"$(inherited)",
					"@executable_path/Frameworks",
				);
				PRODUCT_BUNDLE_IDENTIFIER = "iosProject.Photo-Bazar";
				PRODUCT_NAME = "$(TARGET_NAME)";
				SWIFT_VERSION = 4.2;
				TARGETED_DEVICE_FAMILY = "1,2";
			};
			name = Debug;
		};
		37081AFA23D96B9C003880C1 /* Release */ = {
			isa = XCBuildConfiguration;
			buildSettings = {
				ASSETCATALOG_COMPILER_APPICON_NAME = AppIcon;
				CODE_SIGN_STYLE = Automatic;
				INFOPLIST_FILE = Photo_Bazar/Info.plist;
				LD_RUNPATH_SEARCH_PATHS = (
					"$(inherited)",
					"@executable_path/Frameworks",
				);
				PRODUCT_BUNDLE_IDENTIFIER = "iosProject.Photo-Bazar";
				PRODUCT_NAME = "$(TARGET_NAME)";
				SWIFT_VERSION = 4.2;
				TARGETED_DEVICE_FAMILY = "1,2";
			};
			name = Release;
		};
		37081B0F23D96D18003880C1 /* Debug */ = {
			isa = XCBuildConfiguration;
			buildSettings = {
				ASSETCATALOG_COMPILER_APPICON_NAME = AppIcon;
				CODE_SIGN_STYLE = Automatic;
				INFOPLIST_FILE = Photo_Bazar_Admin/Info.plist;
				LD_RUNPATH_SEARCH_PATHS = (
					"$(inherited)",
					"@executable_path/Frameworks",
				);
				PRODUCT_BUNDLE_IDENTIFIER = "iosProject.Photo-Bazar-Admin";
				PRODUCT_NAME = "$(TARGET_NAME)";
				SWIFT_VERSION = 4.2;
				TARGETED_DEVICE_FAMILY = "1,2";
			};
			name = Debug;
		};
		37081B1023D96D18003880C1 /* Release */ = {
			isa = XCBuildConfiguration;
			buildSettings = {
				ASSETCATALOG_COMPILER_APPICON_NAME = AppIcon;
				CODE_SIGN_STYLE = Automatic;
				INFOPLIST_FILE = Photo_Bazar_Admin/Info.plist;
				LD_RUNPATH_SEARCH_PATHS = (
					"$(inherited)",
					"@executable_path/Frameworks",
				);
				PRODUCT_BUNDLE_IDENTIFIER = "iosProject.Photo-Bazar-Admin";
				PRODUCT_NAME = "$(TARGET_NAME)";
				SWIFT_VERSION = 4.2;
				TARGETED_DEVICE_FAMILY = "1,2";
			};
			name = Release;
		};
/* End XCBuildConfiguration section */

/* Begin XCConfigurationList section */
		37081AE123D96B95003880C1 /* Build configuration list for PBXProject "Photo_Bazar" */ = {
			isa = XCConfigurationList;
			buildConfigurations = (
				37081AF623D96B9C003880C1 /* Debug */,
				37081AF723D96B9C003880C1 /* Release */,
			);
			defaultConfigurationIsVisible = 0;
			defaultConfigurationName = Release;
		};
		37081AF823D96B9C003880C1 /* Build configuration list for PBXNativeTarget "Photo_Bazar" */ = {
			isa = XCConfigurationList;
			buildConfigurations = (
				37081AF923D96B9C003880C1 /* Debug */,
				37081AFA23D96B9C003880C1 /* Release */,
			);
			defaultConfigurationIsVisible = 0;
			defaultConfigurationName = Release;
		};
		37081B0E23D96D18003880C1 /* Build configuration list for PBXNativeTarget "Photo_Bazar_Admin" */ = {
			isa = XCConfigurationList;
			buildConfigurations = (
				37081B0F23D96D18003880C1 /* Debug */,
				37081B1023D96D18003880C1 /* Release */,
			);
			defaultConfigurationIsVisible = 0;
			defaultConfigurationName = Release;
		};
/* End XCConfigurationList section */
	};
	rootObject = 37081ADE23D96B95003880C1 /* Project object */;
}
